
Microsoft Visual Studio Solution File, Format Version 12.00
# Visual Studio 14
VisualStudioVersion = 14.0.25420.1
MinimumVisualStudioVersion = 10.0.40219.1
Project("{FAE04EC0-301F-11D3-BF4B-00C04F79EFBC}") = "JustKeeperOrderIntegrationES", "JustKeeperOrderIntegration\JustKeeperOrderIntegrationES.csproj", "{7FF50E15-EF38-4EDD-A8FA-8360B3B16826}"
EndProject
Project("{2150E333-8FDC-42A3-9474-1A3956D46DE8}") = "Solution Items", "Solution Items", "{769884DC-F372-4CCD-8192-4CC7E01AE964}"
EndProject
Global
	GlobalSection(SolutionConfigurationPlatforms) = preSolution
		Debug|x86 = Debug|x86
		Release|x86 = Release|x86
	EndGlobalSection
	GlobalSection(ProjectConfigurationPlatforms) = postSolution
		{7FF50E15-EF38-4EDD-A8FA-8360B3B16826}.Debug|x86.ActiveCfg = Debug|x86
		{7FF50E15-EF38-4EDD-A8FA-8360B3B16826}.Debug|x86.Build.0 = Debug|x86
		{7FF50E15-EF38-4EDD-A8FA-8360B3B16826}.Release|x86.ActiveCfg = Release|x86
		{7FF50E15-EF38-4EDD-A8FA-8360B3B16826}.Release|x86.Build.0 = Release|x86
	EndGlobalSection
	GlobalSection(SolutionProperties) = preSolution
		HideSolutionNode = FALSE
	EndGlobalSection
EndGlobal
